{
  "requires": true,
  "lockfileVersion": 1,
  "dependencies": {
    "charenc": {
      "version": "0.0.2",
      "resolved": "https://registry.npmjs.org/charenc/-/charenc-0.0.2.tgz",
      "integrity": "sha1-wKHS86cJLgN3S/qD8UwPxXkKhmc="
    },
    "core-js": {
      "version": "2.6.9",
      "resolved": "https://registry.npmjs.org/core-js/-/core-js-2.6.9.tgz",
      "integrity": "sha512-HOpZf6eXmnl7la+cUdMnLvUxKNqLUzJvgIziQ0DiF3JwSImNphIqdGqzj6hIKyX04MmV0poclQ7+wjWvxQyR2A=="
    },
    "crypt": {
      "version": "0.0.2",
      "resolved": "https://registry.npmjs.org/crypt/-/crypt-0.0.2.tgz",
      "integrity": "sha1-iNf/fsDfuG9xPch7u0LQRNPmxBs="
    },
    "is-buffer": {
      "version": "1.1.6",
      "resolved": "https://registry.npmjs.org/is-buffer/-/is-buffer-1.1.6.tgz",
      "integrity": "sha512-NcdALwpXkTm5Zvvbk7owOUSvVvBKDgKP5/ewfXEznmQFfs4ZRmanOeKBTjRVjka3QFoN6XJ+9F3USqfHqTaU5w=="
    },
    "is-retina": {
      "version": "1.0.3",
      "resolved": "https://registry.npmjs.org/is-retina/-/is-retina-1.0.3.tgz",
      "integrity": "sha1-10AbKGvqKuN/Ykd1iN5QTQuGR+M="
    },
    "md5": {
      "version": "2.2.1",
      "resolved": "https://registry.npmjs.org/md5/-/md5-2.2.1.tgz",
      "integrity": "sha1-U6s41f48iJG6RlMp6iP6wFQBJvk=",
      "requires": {
        "charenc": "~0.0.1",
        "crypt": "~0.0.1",
        "is-buffer": "~1.1.1"
      }
    },
    "react-avatar": {
      "version": "3.6.0",
      "resolved": "https://registry.npmjs.org/react-avatar/-/react-avatar-3.6.0.tgz",
      "integrity": "sha512-4iuXEAHGlwthN+T2vrHdVikQoiX9zbCZCsNMy3Vg0TF5yC+RSAnV2aWe0aGka15ZxGSLlzcZ6MWt4Gt/XXQlVg==",
      "requires": {
        "core-js": "^2.5.7",
        "is-retina": "^1.0.3",
        "md5": "^2.0.0"
      }
    }
  }
}
